
Microsoft Visual Studio Solution File, Format Version 12.00
# Visual Studio Version 17
VisualStudioVersion = 17.1.32421.90
MinimumVisualStudioVersion = 10.0.40219.1
Project("{2150E333-8FDC-42A3-9474-1A3956D46DE8}") = "Infrastructures", "Infrastructures", "{7AD00729-8BB2-4CD6-87A7-61D1E59336F8}"
EndProject
Project("{2150E333-8FDC-42A3-9474-1A3956D46DE8}") = "Bulid", "Bulid", "{1E9FF6DF-80A3-4DC9-9246-DEFCD3439821}"
EndProject
Project("{2150E333-8FDC-42A3-9474-1A3956D46DE8}") = "Services", "Services", "{A14ED93F-EFE1-41A7-AEB2-9DA83E5456CB}"
EndProject
Project("{2150E333-8FDC-42A3-9474-1A3956D46DE8}") = "src", "src", "{1E1F6CB5-1896-49D2-963F-56B86B7F416E}"
EndProject
Project("{2150E333-8FDC-42A3-9474-1A3956D46DE8}") = "tests", "tests", "{9EC3C9E5-1C46-416E-AC9C-27C4633D53F0}"
EndProject
Project("{9A19103F-16F7-4668-BE54-9A1E7A4F7556}") = "Adnc.Infra.Core", "src\Infrastructures\Adnc.Infra.Core\Adnc.Infra.Core.csproj", "{7F98E6FE-D68E-47D2-8261-26F1185ECB51}"
EndProject
Project("{9A19103F-16F7-4668-BE54-9A1E7A4F7556}") = "Adnc.Infra.Mapper", "src\Infrastructures\Adnc.Infra.Mapper\Adnc.Infra.Mapper.csproj", "{FBEB9BFA-9877-4A2E-84EA-C1B6F3ACF453}"
EndProject
Project("{9A19103F-16F7-4668-BE54-9A1E7A4F7556}") = "Adnc.Infra.Repository", "src\Infrastructures\Adnc.Infra.Repository\Adnc.Infra.Repository.csproj", "{11A4A624-2F65-4BD0-A93E-574E0FB6967F}"
EndProject
Project("{9A19103F-16F7-4668-BE54-9A1E7A4F7556}") = "Adnc.Infra.Helper", "src\Infrastructures\Adnc.Infra.Helper\Adnc.Infra.Helper.csproj", "{76FF6D8D-EDFC-429B-B083-F15A24C5A73C}"
EndProject
Project("{9A19103F-16F7-4668-BE54-9A1E7A4F7556}") = "Adnc.Infra.EfCore.MySQL", "src\Adnc.Infra.EfCore.MySQL\Adnc.Infra.EfCore.MySQL.csproj", "{94FBCA86-63ED-422F-8C0A-CE82B72C3CCE}"
EndProject
Project("{9A19103F-16F7-4668-BE54-9A1E7A4F7556}") = "Adnc.Infra.Caching", "src\Adnc.Infra.Caching\Adnc.Infra.Caching.csproj", "{8213D3FC-FB58-4C28-A80F-012DFDF477BF}"
EndProject
Project("{9A19103F-16F7-4668-BE54-9A1E7A4F7556}") = "Adnc.Infra.Consul", "src\Adnc.Infra.Consul\Adnc.Infra.Consul.csproj", "{CB1976F2-C421-4E2B-A1D2-07BCCDAC1A4B}"
EndProject
Project("{FAE04EC0-301F-11D3-BF4B-00C04F79EFBC}") = "Adnc.Infra.Dapper", "src\Adnc.Infra.Dapper\Adnc.Infra.Dapper.csproj", "{08EF239E-D37B-45EC-A5A3-9312421D507F}"
EndProject
Project("{FAE04EC0-301F-11D3-BF4B-00C04F79EFBC}") = "Adnc.Infra.Mongo", "src\Adnc.Infra.Mongo\Adnc.Infra.Mongo.csproj", "{26DF9FA4-31C5-4640-BB9B-3950C8E66B86}"
EndProject
Global
	GlobalSection(SolutionConfigurationPlatforms) = preSolution
		Debug|Any CPU = Debug|Any CPU
		Release|Any CPU = Release|Any CPU
	EndGlobalSection
	GlobalSection(ProjectConfigurationPlatforms) = postSolution
		{7F98E6FE-D68E-47D2-8261-26F1185ECB51}.Debug|Any CPU.ActiveCfg = Debug|Any CPU
		{7F98E6FE-D68E-47D2-8261-26F1185ECB51}.Debug|Any CPU.Build.0 = Debug|Any CPU
		{7F98E6FE-D68E-47D2-8261-26F1185ECB51}.Release|Any CPU.ActiveCfg = Release|Any CPU
		{7F98E6FE-D68E-47D2-8261-26F1185ECB51}.Release|Any CPU.Build.0 = Release|Any CPU
		{FBEB9BFA-9877-4A2E-84EA-C1B6F3ACF453}.Debug|Any CPU.ActiveCfg = Debug|Any CPU
		{FBEB9BFA-9877-4A2E-84EA-C1B6F3ACF453}.Debug|Any CPU.Build.0 = Debug|Any CPU
		{FBEB9BFA-9877-4A2E-84EA-C1B6F3ACF453}.Release|Any CPU.ActiveCfg = Release|Any CPU
		{FBEB9BFA-9877-4A2E-84EA-C1B6F3ACF453}.Release|Any CPU.Build.0 = Release|Any CPU
		{11A4A624-2F65-4BD0-A93E-574E0FB6967F}.Debug|Any CPU.ActiveCfg = Debug|Any CPU
		{11A4A624-2F65-4BD0-A93E-574E0FB6967F}.Debug|Any CPU.Build.0 = Debug|Any CPU
		{11A4A624-2F65-4BD0-A93E-574E0FB6967F}.Release|Any CPU.ActiveCfg = Release|Any CPU
		{11A4A624-2F65-4BD0-A93E-574E0FB6967F}.Release|Any CPU.Build.0 = Release|Any CPU
		{76FF6D8D-EDFC-429B-B083-F15A24C5A73C}.Debug|Any CPU.ActiveCfg = Debug|Any CPU
		{76FF6D8D-EDFC-429B-B083-F15A24C5A73C}.Debug|Any CPU.Build.0 = Debug|Any CPU
		{76FF6D8D-EDFC-429B-B083-F15A24C5A73C}.Release|Any CPU.ActiveCfg = Release|Any CPU
		{76FF6D8D-EDFC-429B-B083-F15A24C5A73C}.Release|Any CPU.Build.0 = Release|Any CPU
		{94FBCA86-63ED-422F-8C0A-CE82B72C3CCE}.Debug|Any CPU.ActiveCfg = Debug|Any CPU
		{94FBCA86-63ED-422F-8C0A-CE82B72C3CCE}.Debug|Any CPU.Build.0 = Debug|Any CPU
		{94FBCA86-63ED-422F-8C0A-CE82B72C3CCE}.Release|Any CPU.ActiveCfg = Release|Any CPU
		{94FBCA86-63ED-422F-8C0A-CE82B72C3CCE}.Release|Any CPU.Build.0 = Release|Any CPU
		{8213D3FC-FB58-4C28-A80F-012DFDF477BF}.Debug|Any CPU.ActiveCfg = Debug|Any CPU
		{8213D3FC-FB58-4C28-A80F-012DFDF477BF}.Debug|Any CPU.Build.0 = Debug|Any CPU
		{8213D3FC-FB58-4C28-A80F-012DFDF477BF}.Release|Any CPU.ActiveCfg = Release|Any CPU
		{8213D3FC-FB58-4C28-A80F-012DFDF477BF}.Release|Any CPU.Build.0 = Release|Any CPU
		{CB1976F2-C421-4E2B-A1D2-07BCCDAC1A4B}.Debug|Any CPU.ActiveCfg = Debug|Any CPU
		{CB1976F2-C421-4E2B-A1D2-07BCCDAC1A4B}.Debug|Any CPU.Build.0 = Debug|Any CPU
		{CB1976F2-C421-4E2B-A1D2-07BCCDAC1A4B}.Release|Any CPU.ActiveCfg = Release|Any CPU
		{CB1976F2-C421-4E2B-A1D2-07BCCDAC1A4B}.Release|Any CPU.Build.0 = Release|Any CPU
		{08EF239E-D37B-45EC-A5A3-9312421D507F}.Debug|Any CPU.ActiveCfg = Debug|Any CPU
		{08EF239E-D37B-45EC-A5A3-9312421D507F}.Debug|Any CPU.Build.0 = Debug|Any CPU
		{08EF239E-D37B-45EC-A5A3-9312421D507F}.Release|Any CPU.ActiveCfg = Release|Any CPU
		{08EF239E-D37B-45EC-A5A3-9312421D507F}.Release|Any CPU.Build.0 = Release|Any CPU
		{26DF9FA4-31C5-4640-BB9B-3950C8E66B86}.Debug|Any CPU.ActiveCfg = Debug|Any CPU
		{26DF9FA4-31C5-4640-BB9B-3950C8E66B86}.Debug|Any CPU.Build.0 = Debug|Any CPU
		{26DF9FA4-31C5-4640-BB9B-3950C8E66B86}.Release|Any CPU.ActiveCfg = Release|Any CPU
		{26DF9FA4-31C5-4640-BB9B-3950C8E66B86}.Release|Any CPU.Build.0 = Release|Any CPU
	EndGlobalSection
	GlobalSection(SolutionProperties) = preSolution
		HideSolutionNode = FALSE
	EndGlobalSection
	GlobalSection(NestedProjects) = preSolution
		{7AD00729-8BB2-4CD6-87A7-61D1E59336F8} = {1E1F6CB5-1896-49D2-963F-56B86B7F416E}
		{1E9FF6DF-80A3-4DC9-9246-DEFCD3439821} = {1E1F6CB5-1896-49D2-963F-56B86B7F416E}
		{A14ED93F-EFE1-41A7-AEB2-9DA83E5456CB} = {1E1F6CB5-1896-49D2-963F-56B86B7F416E}
		{7F98E6FE-D68E-47D2-8261-26F1185ECB51} = {7AD00729-8BB2-4CD6-87A7-61D1E59336F8}
		{FBEB9BFA-9877-4A2E-84EA-C1B6F3ACF453} = {7AD00729-8BB2-4CD6-87A7-61D1E59336F8}
		{11A4A624-2F65-4BD0-A93E-574E0FB6967F} = {7AD00729-8BB2-4CD6-87A7-61D1E59336F8}
		{76FF6D8D-EDFC-429B-B083-F15A24C5A73C} = {7AD00729-8BB2-4CD6-87A7-61D1E59336F8}
		{94FBCA86-63ED-422F-8C0A-CE82B72C3CCE} = {7AD00729-8BB2-4CD6-87A7-61D1E59336F8}
		{8213D3FC-FB58-4C28-A80F-012DFDF477BF} = {7AD00729-8BB2-4CD6-87A7-61D1E59336F8}
		{CB1976F2-C421-4E2B-A1D2-07BCCDAC1A4B} = {7AD00729-8BB2-4CD6-87A7-61D1E59336F8}
		{08EF239E-D37B-45EC-A5A3-9312421D507F} = {7AD00729-8BB2-4CD6-87A7-61D1E59336F8}
		{26DF9FA4-31C5-4640-BB9B-3950C8E66B86} = {7AD00729-8BB2-4CD6-87A7-61D1E59336F8}
	EndGlobalSection
	GlobalSection(ExtensibilityGlobals) = postSolution
		SolutionGuid = {C20D7740-16F3-42CF-8A90-B0F7CDD388AC}
	EndGlobalSection
EndGlobal
