
Microsoft Visual Studio Solution File, Format Version 12.00
# Visual Studio Version 17
VisualStudioVersion = 17.1.32421.90
MinimumVisualStudioVersion = 10.0.40219.1
Project("{2150E333-8FDC-42A3-9474-1A3956D46DE8}") = "Infrastructures", "Infrastructures", "{7AD00729-8BB2-4CD6-87A7-61D1E59336F8}"
EndProject
Project("{2150E333-8FDC-42A3-9474-1A3956D46DE8}") = "Bulid", "Bulid", "{1E9FF6DF-80A3-4DC9-9246-DEFCD3439821}"
EndProject
Project("{2150E333-8FDC-42A3-9474-1A3956D46DE8}") = "Services", "Services", "{A14ED93F-EFE1-41A7-AEB2-9DA83E5456CB}"
EndProject
Project("{2150E333-8FDC-42A3-9474-1A3956D46DE8}") = "src", "src", "{1E1F6CB5-1896-49D2-963F-56B86B7F416E}"
EndProject
Project("{2150E333-8FDC-42A3-9474-1A3956D46DE8}") = "tests", "tests", "{9EC3C9E5-1C46-416E-AC9C-27C4633D53F0}"
EndProject
Project("{9A19103F-16F7-4668-BE54-9A1E7A4F7556}") = "Adnc.Infra.Core", "src\Infrastructures\Adnc.Infra.Core\Adnc.Infra.Core.csproj", "{7F98E6FE-D68E-47D2-8261-26F1185ECB51}"
EndProject
Project("{9A19103F-16F7-4668-BE54-9A1E7A4F7556}") = "Adnc.Infra.Mapper", "src\Infrastructures\Adnc.Infra.Mapper\Adnc.Infra.Mapper.csproj", "{FBEB9BFA-9877-4A2E-84EA-C1B6F3ACF453}"
EndProject
Project("{9A19103F-16F7-4668-BE54-9A1E7A4F7556}") = "Adnc.Infra.Repository", "src\Infrastructures\Adnc.Infra.Repository\Adnc.Infra.Repository.csproj", "{11A4A624-2F65-4BD0-A93E-574E0FB6967F}"
EndProject
Project("{9A19103F-16F7-4668-BE54-9A1E7A4F7556}") = "Adnc.Infra.Helper", "src\Infrastructures\Adnc.Infra.Helper\Adnc.Infra.Helper.csproj", "{76FF6D8D-EDFC-429B-B083-F15A24C5A73C}"
EndProject
Project("{9A19103F-16F7-4668-BE54-9A1E7A4F7556}") = "Adnc.Infra.Caching", "src\Adnc.Infra.Caching\Adnc.Infra.Caching.csproj", "{8213D3FC-FB58-4C28-A80F-012DFDF477BF}"
EndProject
Project("{9A19103F-16F7-4668-BE54-9A1E7A4F7556}") = "Adnc.Infra.Consul", "src\Adnc.Infra.Consul\Adnc.Infra.Consul.csproj", "{CB1976F2-C421-4E2B-A1D2-07BCCDAC1A4B}"
EndProject
Project("{9A19103F-16F7-4668-BE54-9A1E7A4F7556}") = "Adnc.Infra.Dapper", "src\Adnc.Infra.Dapper\Adnc.Infra.Dapper.csproj", "{08EF239E-D37B-45EC-A5A3-9312421D507F}"
EndProject
Project("{9A19103F-16F7-4668-BE54-9A1E7A4F7556}") = "Adnc.Infra.Mongo", "src\Adnc.Infra.Mongo\Adnc.Infra.Mongo.csproj", "{26DF9FA4-31C5-4640-BB9B-3950C8E66B86}"
EndProject
Project("{9A19103F-16F7-4668-BE54-9A1E7A4F7556}") = "Adnc.Infra.HealthCheckUI", "src\Adnc.Infra.HealthCheckUI\Adnc.Infra.HealthCheckUI.csproj", "{8E392004-7281-4746-914D-98E5FC881A4B}"
EndProject
Project("{2150E333-8FDC-42A3-9474-1A3956D46DE8}") = "Adnc.Ord", "Adnc.Ord", "{10AA9E15-B19E-4E1E-87B4-6CA7D0D7173B}"
EndProject
Project("{9A19103F-16F7-4668-BE54-9A1E7A4F7556}") = "Adnc.Ord.Domain", "src\Services\Adnc.Ord\Adnc.Ord.Domain\Adnc.Ord.Domain.csproj", "{3CBAF8FB-DE1B-4FCE-BCCD-A52B08F7C0F5}"
EndProject
Project("{9A19103F-16F7-4668-BE54-9A1E7A4F7556}") = "Adnc.Ord.Application", "src\Services\Adnc.Ord\Adnc.Ord.Application\Adnc.Ord.Application.csproj", "{D870F4C5-02E6-4889-8C1E-297362003B77}"
EndProject
Project("{9A19103F-16F7-4668-BE54-9A1E7A4F7556}") = "Adnc.Ord.Application.Contracts", "src\Services\Adnc.Ord\Adnc.Ord.Application.Contracts\Adnc.Ord.Application.Contracts.csproj", "{0B3A7B47-309F-40C2-BD3F-2A2E93846F63}"
EndProject
Project("{2150E333-8FDC-42A3-9474-1A3956D46DE8}") = "Adnc.Shared", "Adnc.Shared", "{651585A5-08AE-4B7D-B3C1-19CB9DFB7A98}"
EndProject
Project("{9A19103F-16F7-4668-BE54-9A1E7A4F7556}") = "Adnc.Shared.Application.Contracts", "src\Services\Adnc.Shared\Adnc.Shared.Application.Contracts\Adnc.Shared.Application.Contracts.csproj", "{7C640D55-85EC-4842-B328-157187BF62D3}"
EndProject
Project("{9A19103F-16F7-4668-BE54-9A1E7A4F7556}") = "Adnc.Shared.Domain", "src\Services\Adnc.Shared\Adnc.Shared.Domain\Adnc.Shared.Domain.csproj", "{8B78938C-D18A-4F60-8C03-4E222BE8EA57}"
EndProject
Project("{9A19103F-16F7-4668-BE54-9A1E7A4F7556}") = "Adnc.Shared", "src\Services\Adnc.Shared\Adnc.Shared\Adnc.Shared.csproj", "{77C8CE6D-AC6F-42D4-BEF8-A3787F0ED655}"
EndProject
Project("{9A19103F-16F7-4668-BE54-9A1E7A4F7556}") = "Adnc.Infra.EventBus", "src\Adnc.Infra.EventBus\Adnc.Infra.EventBus.csproj", "{CC0A9437-B1D4-46BD-A542-2F467ED609EB}"
EndProject
Project("{9A19103F-16F7-4668-BE54-9A1E7A4F7556}") = "Adnc.Shared.Rpc", "src\Services\Adnc.Shared\Adnc.Shared.Rpc\Adnc.Shared.Rpc.csproj", "{D6580999-6F37-4E63-A3B9-D087C7D16624}"
EndProject
Project("{9A19103F-16F7-4668-BE54-9A1E7A4F7556}") = "Adnc.Shared.WebApi", "src\Services\Adnc.Shared\Adnc.Shared.WebApi\Adnc.Shared.WebApi.csproj", "{A4C65BB8-F333-41E4-AF88-BA6D3D692CE6}"
EndProject
Project("{9A19103F-16F7-4668-BE54-9A1E7A4F7556}") = "Adnc.Shared.Application", "src\Services\Adnc.Shared\Adnc.Shared.Application\Adnc.Shared.Application.csproj", "{236ABEA9-F2CD-4E1A-9E7C-6A3D4531CF82}"
EndProject
Project("{9A19103F-16F7-4668-BE54-9A1E7A4F7556}") = "Adnc.Ord.WebApi", "src\Services\Adnc.Ord\Adnc.Ord.WebApi\Adnc.Ord.WebApi.csproj", "{4C70B216-1916-40A7-B5E4-8CF1A423AD90}"
EndProject
Project("{9A19103F-16F7-4668-BE54-9A1E7A4F7556}") = "Adnc.Ord.Migrations", "src\Services\Adnc.Ord\Adnc.Ord.Migrations\Adnc.Ord.Migrations.csproj", "{E2698F28-43DC-4DD7-AB56-F07C31A84E07}"
EndProject
Project("{2150E333-8FDC-42A3-9474-1A3956D46DE8}") = "Adnc.Whse", "Adnc.Whse", "{497C30C3-451C-4778-B5FC-CCEC3BD3D54E}"
EndProject
Project("{9A19103F-16F7-4668-BE54-9A1E7A4F7556}") = "Adnc.Infra.EFCore.Data", "src\Infrastructures\Adnc.Infra.EFCore.Data\Adnc.Infra.EFCore.Data.csproj", "{B56D6D0C-5275-43C9-A3FC-161F9EAF075D}"
EndProject
Project("{9A19103F-16F7-4668-BE54-9A1E7A4F7556}") = "Adnc.Shared.Repository", "src\Services\Adnc.Shared\Adnc.Shared.Repository\Adnc.Shared.Repository.csproj", "{9119AAF7-900F-41BE-A728-6FECE9A99673}"
EndProject
Project("{2150E333-8FDC-42A3-9474-1A3956D46DE8}") = "Adnc.Usr", "Adnc.Usr", "{0A92CE9C-4839-411A-A1B0-82955A712174}"
EndProject
Global
	GlobalSection(SolutionConfigurationPlatforms) = preSolution
		Debug|Any CPU = Debug|Any CPU
		Release|Any CPU = Release|Any CPU
	EndGlobalSection
	GlobalSection(ProjectConfigurationPlatforms) = postSolution
		{7F98E6FE-D68E-47D2-8261-26F1185ECB51}.Debug|Any CPU.ActiveCfg = Debug|Any CPU
		{7F98E6FE-D68E-47D2-8261-26F1185ECB51}.Debug|Any CPU.Build.0 = Debug|Any CPU
		{7F98E6FE-D68E-47D2-8261-26F1185ECB51}.Release|Any CPU.ActiveCfg = Release|Any CPU
		{7F98E6FE-D68E-47D2-8261-26F1185ECB51}.Release|Any CPU.Build.0 = Release|Any CPU
		{FBEB9BFA-9877-4A2E-84EA-C1B6F3ACF453}.Debug|Any CPU.ActiveCfg = Debug|Any CPU
		{FBEB9BFA-9877-4A2E-84EA-C1B6F3ACF453}.Debug|Any CPU.Build.0 = Debug|Any CPU
		{FBEB9BFA-9877-4A2E-84EA-C1B6F3ACF453}.Release|Any CPU.ActiveCfg = Release|Any CPU
		{FBEB9BFA-9877-4A2E-84EA-C1B6F3ACF453}.Release|Any CPU.Build.0 = Release|Any CPU
		{11A4A624-2F65-4BD0-A93E-574E0FB6967F}.Debug|Any CPU.ActiveCfg = Debug|Any CPU
		{11A4A624-2F65-4BD0-A93E-574E0FB6967F}.Debug|Any CPU.Build.0 = Debug|Any CPU
		{11A4A624-2F65-4BD0-A93E-574E0FB6967F}.Release|Any CPU.ActiveCfg = Release|Any CPU
		{11A4A624-2F65-4BD0-A93E-574E0FB6967F}.Release|Any CPU.Build.0 = Release|Any CPU
		{76FF6D8D-EDFC-429B-B083-F15A24C5A73C}.Debug|Any CPU.ActiveCfg = Debug|Any CPU
		{76FF6D8D-EDFC-429B-B083-F15A24C5A73C}.Debug|Any CPU.Build.0 = Debug|Any CPU
		{76FF6D8D-EDFC-429B-B083-F15A24C5A73C}.Release|Any CPU.ActiveCfg = Release|Any CPU
		{76FF6D8D-EDFC-429B-B083-F15A24C5A73C}.Release|Any CPU.Build.0 = Release|Any CPU
		{8213D3FC-FB58-4C28-A80F-012DFDF477BF}.Debug|Any CPU.ActiveCfg = Debug|Any CPU
		{8213D3FC-FB58-4C28-A80F-012DFDF477BF}.Debug|Any CPU.Build.0 = Debug|Any CPU
		{8213D3FC-FB58-4C28-A80F-012DFDF477BF}.Release|Any CPU.ActiveCfg = Release|Any CPU
		{8213D3FC-FB58-4C28-A80F-012DFDF477BF}.Release|Any CPU.Build.0 = Release|Any CPU
		{CB1976F2-C421-4E2B-A1D2-07BCCDAC1A4B}.Debug|Any CPU.ActiveCfg = Debug|Any CPU
		{CB1976F2-C421-4E2B-A1D2-07BCCDAC1A4B}.Debug|Any CPU.Build.0 = Debug|Any CPU
		{CB1976F2-C421-4E2B-A1D2-07BCCDAC1A4B}.Release|Any CPU.ActiveCfg = Release|Any CPU
		{CB1976F2-C421-4E2B-A1D2-07BCCDAC1A4B}.Release|Any CPU.Build.0 = Release|Any CPU
		{08EF239E-D37B-45EC-A5A3-9312421D507F}.Debug|Any CPU.ActiveCfg = Debug|Any CPU
		{08EF239E-D37B-45EC-A5A3-9312421D507F}.Debug|Any CPU.Build.0 = Debug|Any CPU
		{08EF239E-D37B-45EC-A5A3-9312421D507F}.Release|Any CPU.ActiveCfg = Release|Any CPU
		{08EF239E-D37B-45EC-A5A3-9312421D507F}.Release|Any CPU.Build.0 = Release|Any CPU
		{26DF9FA4-31C5-4640-BB9B-3950C8E66B86}.Debug|Any CPU.ActiveCfg = Debug|Any CPU
		{26DF9FA4-31C5-4640-BB9B-3950C8E66B86}.Debug|Any CPU.Build.0 = Debug|Any CPU
		{26DF9FA4-31C5-4640-BB9B-3950C8E66B86}.Release|Any CPU.ActiveCfg = Release|Any CPU
		{26DF9FA4-31C5-4640-BB9B-3950C8E66B86}.Release|Any CPU.Build.0 = Release|Any CPU
		{8E392004-7281-4746-914D-98E5FC881A4B}.Debug|Any CPU.ActiveCfg = Debug|Any CPU
		{8E392004-7281-4746-914D-98E5FC881A4B}.Debug|Any CPU.Build.0 = Debug|Any CPU
		{8E392004-7281-4746-914D-98E5FC881A4B}.Release|Any CPU.ActiveCfg = Release|Any CPU
		{8E392004-7281-4746-914D-98E5FC881A4B}.Release|Any CPU.Build.0 = Release|Any CPU
		{3CBAF8FB-DE1B-4FCE-BCCD-A52B08F7C0F5}.Debug|Any CPU.ActiveCfg = Debug|Any CPU
		{3CBAF8FB-DE1B-4FCE-BCCD-A52B08F7C0F5}.Debug|Any CPU.Build.0 = Debug|Any CPU
		{3CBAF8FB-DE1B-4FCE-BCCD-A52B08F7C0F5}.Release|Any CPU.ActiveCfg = Release|Any CPU
		{3CBAF8FB-DE1B-4FCE-BCCD-A52B08F7C0F5}.Release|Any CPU.Build.0 = Release|Any CPU
		{D870F4C5-02E6-4889-8C1E-297362003B77}.Debug|Any CPU.ActiveCfg = Debug|Any CPU
		{D870F4C5-02E6-4889-8C1E-297362003B77}.Debug|Any CPU.Build.0 = Debug|Any CPU
		{D870F4C5-02E6-4889-8C1E-297362003B77}.Release|Any CPU.ActiveCfg = Release|Any CPU
		{D870F4C5-02E6-4889-8C1E-297362003B77}.Release|Any CPU.Build.0 = Release|Any CPU
		{0B3A7B47-309F-40C2-BD3F-2A2E93846F63}.Debug|Any CPU.ActiveCfg = Debug|Any CPU
		{0B3A7B47-309F-40C2-BD3F-2A2E93846F63}.Debug|Any CPU.Build.0 = Debug|Any CPU
		{0B3A7B47-309F-40C2-BD3F-2A2E93846F63}.Release|Any CPU.ActiveCfg = Release|Any CPU
		{0B3A7B47-309F-40C2-BD3F-2A2E93846F63}.Release|Any CPU.Build.0 = Release|Any CPU
		{7C640D55-85EC-4842-B328-157187BF62D3}.Debug|Any CPU.ActiveCfg = Debug|Any CPU
		{7C640D55-85EC-4842-B328-157187BF62D3}.Debug|Any CPU.Build.0 = Debug|Any CPU
		{7C640D55-85EC-4842-B328-157187BF62D3}.Release|Any CPU.ActiveCfg = Release|Any CPU
		{7C640D55-85EC-4842-B328-157187BF62D3}.Release|Any CPU.Build.0 = Release|Any CPU
		{8B78938C-D18A-4F60-8C03-4E222BE8EA57}.Debug|Any CPU.ActiveCfg = Debug|Any CPU
		{8B78938C-D18A-4F60-8C03-4E222BE8EA57}.Debug|Any CPU.Build.0 = Debug|Any CPU
		{8B78938C-D18A-4F60-8C03-4E222BE8EA57}.Release|Any CPU.ActiveCfg = Release|Any CPU
		{8B78938C-D18A-4F60-8C03-4E222BE8EA57}.Release|Any CPU.Build.0 = Release|Any CPU
		{77C8CE6D-AC6F-42D4-BEF8-A3787F0ED655}.Debug|Any CPU.ActiveCfg = Debug|Any CPU
		{77C8CE6D-AC6F-42D4-BEF8-A3787F0ED655}.Debug|Any CPU.Build.0 = Debug|Any CPU
		{77C8CE6D-AC6F-42D4-BEF8-A3787F0ED655}.Release|Any CPU.ActiveCfg = Release|Any CPU
		{77C8CE6D-AC6F-42D4-BEF8-A3787F0ED655}.Release|Any CPU.Build.0 = Release|Any CPU
		{CC0A9437-B1D4-46BD-A542-2F467ED609EB}.Debug|Any CPU.ActiveCfg = Debug|Any CPU
		{CC0A9437-B1D4-46BD-A542-2F467ED609EB}.Debug|Any CPU.Build.0 = Debug|Any CPU
		{CC0A9437-B1D4-46BD-A542-2F467ED609EB}.Release|Any CPU.ActiveCfg = Release|Any CPU
		{CC0A9437-B1D4-46BD-A542-2F467ED609EB}.Release|Any CPU.Build.0 = Release|Any CPU
		{D6580999-6F37-4E63-A3B9-D087C7D16624}.Debug|Any CPU.ActiveCfg = Debug|Any CPU
		{D6580999-6F37-4E63-A3B9-D087C7D16624}.Debug|Any CPU.Build.0 = Debug|Any CPU
		{D6580999-6F37-4E63-A3B9-D087C7D16624}.Release|Any CPU.ActiveCfg = Release|Any CPU
		{D6580999-6F37-4E63-A3B9-D087C7D16624}.Release|Any CPU.Build.0 = Release|Any CPU
		{A4C65BB8-F333-41E4-AF88-BA6D3D692CE6}.Debug|Any CPU.ActiveCfg = Debug|Any CPU
		{A4C65BB8-F333-41E4-AF88-BA6D3D692CE6}.Debug|Any CPU.Build.0 = Debug|Any CPU
		{A4C65BB8-F333-41E4-AF88-BA6D3D692CE6}.Release|Any CPU.ActiveCfg = Release|Any CPU
		{A4C65BB8-F333-41E4-AF88-BA6D3D692CE6}.Release|Any CPU.Build.0 = Release|Any CPU
		{236ABEA9-F2CD-4E1A-9E7C-6A3D4531CF82}.Debug|Any CPU.ActiveCfg = Debug|Any CPU
		{236ABEA9-F2CD-4E1A-9E7C-6A3D4531CF82}.Debug|Any CPU.Build.0 = Debug|Any CPU
		{236ABEA9-F2CD-4E1A-9E7C-6A3D4531CF82}.Release|Any CPU.ActiveCfg = Release|Any CPU
		{236ABEA9-F2CD-4E1A-9E7C-6A3D4531CF82}.Release|Any CPU.Build.0 = Release|Any CPU
		{4C70B216-1916-40A7-B5E4-8CF1A423AD90}.Debug|Any CPU.ActiveCfg = Debug|Any CPU
		{4C70B216-1916-40A7-B5E4-8CF1A423AD90}.Debug|Any CPU.Build.0 = Debug|Any CPU
		{4C70B216-1916-40A7-B5E4-8CF1A423AD90}.Release|Any CPU.ActiveCfg = Release|Any CPU
		{4C70B216-1916-40A7-B5E4-8CF1A423AD90}.Release|Any CPU.Build.0 = Release|Any CPU
		{E2698F28-43DC-4DD7-AB56-F07C31A84E07}.Debug|Any CPU.ActiveCfg = Debug|Any CPU
		{E2698F28-43DC-4DD7-AB56-F07C31A84E07}.Debug|Any CPU.Build.0 = Debug|Any CPU
		{E2698F28-43DC-4DD7-AB56-F07C31A84E07}.Release|Any CPU.ActiveCfg = Release|Any CPU
		{E2698F28-43DC-4DD7-AB56-F07C31A84E07}.Release|Any CPU.Build.0 = Release|Any CPU
		{B56D6D0C-5275-43C9-A3FC-161F9EAF075D}.Debug|Any CPU.ActiveCfg = Debug|Any CPU
		{B56D6D0C-5275-43C9-A3FC-161F9EAF075D}.Debug|Any CPU.Build.0 = Debug|Any CPU
		{B56D6D0C-5275-43C9-A3FC-161F9EAF075D}.Release|Any CPU.ActiveCfg = Release|Any CPU
		{B56D6D0C-5275-43C9-A3FC-161F9EAF075D}.Release|Any CPU.Build.0 = Release|Any CPU
		{9119AAF7-900F-41BE-A728-6FECE9A99673}.Debug|Any CPU.ActiveCfg = Debug|Any CPU
		{9119AAF7-900F-41BE-A728-6FECE9A99673}.Debug|Any CPU.Build.0 = Debug|Any CPU
		{9119AAF7-900F-41BE-A728-6FECE9A99673}.Release|Any CPU.ActiveCfg = Release|Any CPU
		{9119AAF7-900F-41BE-A728-6FECE9A99673}.Release|Any CPU.Build.0 = Release|Any CPU
	EndGlobalSection
	GlobalSection(SolutionProperties) = preSolution
		HideSolutionNode = FALSE
	EndGlobalSection
	GlobalSection(NestedProjects) = preSolution
		{7AD00729-8BB2-4CD6-87A7-61D1E59336F8} = {1E1F6CB5-1896-49D2-963F-56B86B7F416E}
		{1E9FF6DF-80A3-4DC9-9246-DEFCD3439821} = {1E1F6CB5-1896-49D2-963F-56B86B7F416E}
		{A14ED93F-EFE1-41A7-AEB2-9DA83E5456CB} = {1E1F6CB5-1896-49D2-963F-56B86B7F416E}
		{7F98E6FE-D68E-47D2-8261-26F1185ECB51} = {7AD00729-8BB2-4CD6-87A7-61D1E59336F8}
		{FBEB9BFA-9877-4A2E-84EA-C1B6F3ACF453} = {7AD00729-8BB2-4CD6-87A7-61D1E59336F8}
		{11A4A624-2F65-4BD0-A93E-574E0FB6967F} = {7AD00729-8BB2-4CD6-87A7-61D1E59336F8}
		{76FF6D8D-EDFC-429B-B083-F15A24C5A73C} = {7AD00729-8BB2-4CD6-87A7-61D1E59336F8}
		{8213D3FC-FB58-4C28-A80F-012DFDF477BF} = {7AD00729-8BB2-4CD6-87A7-61D1E59336F8}
		{CB1976F2-C421-4E2B-A1D2-07BCCDAC1A4B} = {7AD00729-8BB2-4CD6-87A7-61D1E59336F8}
		{08EF239E-D37B-45EC-A5A3-9312421D507F} = {7AD00729-8BB2-4CD6-87A7-61D1E59336F8}
		{26DF9FA4-31C5-4640-BB9B-3950C8E66B86} = {7AD00729-8BB2-4CD6-87A7-61D1E59336F8}
		{8E392004-7281-4746-914D-98E5FC881A4B} = {7AD00729-8BB2-4CD6-87A7-61D1E59336F8}
		{10AA9E15-B19E-4E1E-87B4-6CA7D0D7173B} = {A14ED93F-EFE1-41A7-AEB2-9DA83E5456CB}
		{3CBAF8FB-DE1B-4FCE-BCCD-A52B08F7C0F5} = {10AA9E15-B19E-4E1E-87B4-6CA7D0D7173B}
		{D870F4C5-02E6-4889-8C1E-297362003B77} = {10AA9E15-B19E-4E1E-87B4-6CA7D0D7173B}
		{0B3A7B47-309F-40C2-BD3F-2A2E93846F63} = {10AA9E15-B19E-4E1E-87B4-6CA7D0D7173B}
		{651585A5-08AE-4B7D-B3C1-19CB9DFB7A98} = {A14ED93F-EFE1-41A7-AEB2-9DA83E5456CB}
		{7C640D55-85EC-4842-B328-157187BF62D3} = {651585A5-08AE-4B7D-B3C1-19CB9DFB7A98}
		{8B78938C-D18A-4F60-8C03-4E222BE8EA57} = {651585A5-08AE-4B7D-B3C1-19CB9DFB7A98}
		{77C8CE6D-AC6F-42D4-BEF8-A3787F0ED655} = {651585A5-08AE-4B7D-B3C1-19CB9DFB7A98}
		{CC0A9437-B1D4-46BD-A542-2F467ED609EB} = {7AD00729-8BB2-4CD6-87A7-61D1E59336F8}
		{D6580999-6F37-4E63-A3B9-D087C7D16624} = {651585A5-08AE-4B7D-B3C1-19CB9DFB7A98}
		{A4C65BB8-F333-41E4-AF88-BA6D3D692CE6} = {651585A5-08AE-4B7D-B3C1-19CB9DFB7A98}
		{236ABEA9-F2CD-4E1A-9E7C-6A3D4531CF82} = {651585A5-08AE-4B7D-B3C1-19CB9DFB7A98}
		{4C70B216-1916-40A7-B5E4-8CF1A423AD90} = {10AA9E15-B19E-4E1E-87B4-6CA7D0D7173B}
		{E2698F28-43DC-4DD7-AB56-F07C31A84E07} = {10AA9E15-B19E-4E1E-87B4-6CA7D0D7173B}
		{497C30C3-451C-4778-B5FC-CCEC3BD3D54E} = {A14ED93F-EFE1-41A7-AEB2-9DA83E5456CB}
		{B56D6D0C-5275-43C9-A3FC-161F9EAF075D} = {7AD00729-8BB2-4CD6-87A7-61D1E59336F8}
		{9119AAF7-900F-41BE-A728-6FECE9A99673} = {651585A5-08AE-4B7D-B3C1-19CB9DFB7A98}
		{0A92CE9C-4839-411A-A1B0-82955A712174} = {A14ED93F-EFE1-41A7-AEB2-9DA83E5456CB}
	EndGlobalSection
	GlobalSection(ExtensibilityGlobals) = postSolution
		SolutionGuid = {C20D7740-16F3-42CF-8A90-B0F7CDD388AC}
	EndGlobalSection
EndGlobal
